
Microsoft Visual Studio Solution File, Format Version 12.00
# Visual Studio 2013
VisualStudioVersion = 12.0.21005.1
MinimumVisualStudioVersion = 10.0.40219.1
Project("{2150E333-8FDC-42A3-9474-1A3956D46DE8}") = "Registration", "Registration", "{E3E79116-A677-47B9-A5E3-35049785ADC5}"
EndProject
Project("{2150E333-8FDC-42A3-9474-1A3956D46DE8}") = "Payments", "Payments", "{3CD498B7-B9C0-4B70-94A1-CFBF0718DDB3}"
EndProject
Project("{FAE04EC0-301F-11D3-BF4B-00C04F79EFBC}") = "Registration.Domain", "RegistrationBC\Registration.Domain\Registration.Domain.csproj", "{BA3DD497-5943-4E10-B586-12D9447A95A2}"
EndProject
Project("{FAE04EC0-301F-11D3-BF4B-00C04F79EFBC}") = "Payments.Domain", "PaymentsBC\Payments.Domain\Payments.Domain.csproj", "{C6D29641-E27B-4180-985B-E5FB7181F7F8}"
EndProject
Project("{FAE04EC0-301F-11D3-BF4B-00C04F79EFBC}") = "Payments.Messages", "PaymentsBC\Payments.Messages\Payments.Messages.csproj", "{C39BCB0A-AB88-45EB-9CEE-9EF4157B22C6}"
EndProject
Project("{FAE04EC0-301F-11D3-BF4B-00C04F79EFBC}") = "Registration.Commands", "RegistrationBC\Registration.Commands\Registration.Commands.csproj", "{EB602D2F-5FC3-4A4F-AAF3-63BB43D02A5D}"
EndProject
Project("{FAE04EC0-301F-11D3-BF4B-00C04F79EFBC}") = "Registration.CommandHandlers", "RegistrationBC\Registration.CommandHandlers\Registration.CommandHandlers.csproj", "{F704DBE6-0CD4-40D3-B496-1AA65A6FE83E}"
EndProject
Project("{FAE04EC0-301F-11D3-BF4B-00C04F79EFBC}") = "Registration.ReadModel", "RegistrationBC\Registration.ReadModel\Registration.ReadModel.csproj", "{223579DD-4650-4F51-A3AE-E7F8AF00972C}"
EndProject
Project("{FAE04EC0-301F-11D3-BF4B-00C04F79EFBC}") = "Conference.Common", "Conference.Common\Conference.Common.csproj", "{BAF088F8-3FCB-45EF-A228-6424C34C65CA}"
EndProject
Project("{FAE04EC0-301F-11D3-BF4B-00C04F79EFBC}") = "Payments.Commands", "PaymentsBC\Payments.Commands\Payments.Commands.csproj", "{914B7E07-3BD2-4EB6-B1C8-E37FF94D662B}"
EndProject
Project("{FAE04EC0-301F-11D3-BF4B-00C04F79EFBC}") = "Payments.ReadModel", "PaymentsBC\Payments.ReadModel\Payments.ReadModel.csproj", "{EFC691DF-0EED-4E91-A2C2-E5DF41F09FD4}"
EndProject
Project("{FAE04EC0-301F-11D3-BF4B-00C04F79EFBC}") = "Payments.CommandHandlers", "PaymentsBC\Payments.CommandHandlers\Payments.CommandHandlers.csproj", "{BC3D3AAC-E5A0-4AE0-AC38-1B247F83B692}"
EndProject
Project("{2150E333-8FDC-42A3-9474-1A3956D46DE8}") = "Scripts", "Scripts", "{B26CE90F-E736-436F-9CB1-C182D157FB31}"
	ProjectSection(SolutionItems) = preProject
		Scripts\CreateConferenceTables.sql = Scripts\CreateConferenceTables.sql
		Scripts\CreateENodeTables.sql = Scripts\CreateENodeTables.sql
		Scripts\CreateEQueueTables.sql = Scripts\CreateEQueueTables.sql
	EndProjectSection
EndProject
Project("{2150E333-8FDC-42A3-9474-1A3956D46DE8}") = "ConferenceManagement", "ConferenceManagement", "{D986C94C-06C0-4E9F-9E20-454673DAE696}"
EndProject
Project("{FAE04EC0-301F-11D3-BF4B-00C04F79EFBC}") = "ConferenceManagement.Domain", "ConferenceManagementBC\ConferenceManagement.Domain\ConferenceManagement.Domain.csproj", "{44034F86-8D91-4489-A88A-A78886C772D7}"
EndProject
Project("{FAE04EC0-301F-11D3-BF4B-00C04F79EFBC}") = "ConferenceManagement.ReadModel", "ConferenceManagementBC\ConferenceManagement.ReadModel\ConferenceManagement.ReadModel.csproj", "{0CED18F4-5318-4B90-8F09-D1E4B2E75B08}"
EndProject
Project("{FAE04EC0-301F-11D3-BF4B-00C04F79EFBC}") = "ConferenceManagement.Commands", "ConferenceManagementBC\ConferenceManagement.Commands\ConferenceManagement.Commands.csproj", "{F522345E-1872-42B6-B5C2-9F158B91F3E3}"
EndProject
Project("{FAE04EC0-301F-11D3-BF4B-00C04F79EFBC}") = "ConferenceManagement.CommandHandlers", "ConferenceManagementBC\ConferenceManagement.CommandHandlers\ConferenceManagement.CommandHandlers.csproj", "{22EAB61C-5473-4298-A767-BDC88EA09053}"
EndProject
Project("{FAE04EC0-301F-11D3-BF4B-00C04F79EFBC}") = "ConferenceManagement.Messages", "ConferenceManagementBC\ConferenceManagement.Messages\ConferenceManagement.Messages.csproj", "{B3658426-259D-4393-AACA-60C84D7FA073}"
EndProject
Project("{FAE04EC0-301F-11D3-BF4B-00C04F79EFBC}") = "Registration.ProcessManagers", "RegistrationBC\Registration.ProcessManagers\Registration.ProcessManagers.csproj", "{F9CE88C9-D44F-40A5-A30C-BFA90355A819}"
EndProject
Project("{FAE04EC0-301F-11D3-BF4B-00C04F79EFBC}") = "ConferenceManagement.MessagePublishers", "ConferenceManagementBC\ConferenceManagement.MessagePublishers\ConferenceManagement.MessagePublishers.csproj", "{6101A2D2-38DB-486A-A491-30E4E02843A3}"
EndProject
Project("{FAE04EC0-301F-11D3-BF4B-00C04F79EFBC}") = "Payments.MessagePublishers", "PaymentsBC\Payments.MessagePublishers\Payments.MessagePublishers.csproj", "{34477AE1-228F-40DF-B463-3CFC85841A82}"
EndProject
Project("{FAE04EC0-301F-11D3-BF4B-00C04F79EFBC}") = "ConferenceManagement.Web", "ConferenceManagementBC\ConferenceManagement.Web\ConferenceManagement.Web.csproj", "{55C34F60-8B4D-428E-9340-2A6C4800E7B5}"
EndProject
Project("{FAE04EC0-301F-11D3-BF4B-00C04F79EFBC}") = "Registration.ProcessorHost", "RegistrationBC\Registration.ProcessorHost\Registration.ProcessorHost.csproj", "{DD03A579-1FDB-443A-8DE0-432CD51F0573}"
EndProject
Project("{FAE04EC0-301F-11D3-BF4B-00C04F79EFBC}") = "ConferenceManagement.ProcessorHost", "ConferenceManagementBC\ConferenceManagement.ProcessorHost\ConferenceManagement.ProcessorHost.csproj", "{4E7E2173-B8EA-41DF-9611-00C6D208C603}"
EndProject
Project("{FAE04EC0-301F-11D3-BF4B-00C04F79EFBC}") = "Conference.MessageBroker", "Conference.MessageBroker\Conference.MessageBroker.csproj", "{C1DE1080-796D-494A-82D6-5A2AF068AC57}"
EndProject
Project("{FAE04EC0-301F-11D3-BF4B-00C04F79EFBC}") = "ConferenceManagement.Repositories.Dapper", "ConferenceManagementBC\ConferenceManagement.Repositories.Dapper\ConferenceManagement.Repositories.Dapper.csproj", "{DF81DDA1-EADF-4632-94FF-209DA2690D45}"
EndProject
Project("{FAE04EC0-301F-11D3-BF4B-00C04F79EFBC}") = "Registration.Web", "RegistrationBC\Registration.Web\Registration.Web.csproj", "{32E3E4D7-D887-4BE1-A84F-130BF80533D0}"
EndProject
Project("{2150E333-8FDC-42A3-9474-1A3956D46DE8}") = "Hosts", "Hosts", "{A328FBF2-255B-4F7F-8CE5-C4600943D0AC}"
EndProject
Project("{FAE04EC0-301F-11D3-BF4B-00C04F79EFBC}") = "Payments.ProcessorHost", "PaymentsBC\Payments.ProcessorHost\Payments.ProcessorHost.csproj", "{3029C3C2-AECE-4921-BA6E-D85A258B2BD2}"
EndProject
Project("{2150E333-8FDC-42A3-9474-1A3956D46DE8}") = "ProcessorHosts", "ProcessorHosts", "{BE63DDAC-0FE1-4F10-9730-62F4A8733BE2}"
EndProject
Project("{2150E333-8FDC-42A3-9474-1A3956D46DE8}") = "Websites", "Websites", "{1CD783E5-0215-4B06-92F4-7D9B8E630B3A}"
EndProject
Project("{2150E333-8FDC-42A3-9474-1A3956D46DE8}") = "Solution Items", "Solution Items", "{781CC85C-4960-4283-B372-7A522862C898}"
	ProjectSection(SolutionItems) = preProject
		README.md = README.md
	EndProjectSection
EndProject
Global
	GlobalSection(SolutionConfigurationPlatforms) = preSolution
		Debug|Any CPU = Debug|Any CPU
		DebugLocal|Any CPU = DebugLocal|Any CPU
		Release|Any CPU = Release|Any CPU
	EndGlobalSection
	GlobalSection(ProjectConfigurationPlatforms) = postSolution
		{BA3DD497-5943-4E10-B586-12D9447A95A2}.Debug|Any CPU.ActiveCfg = Debug|Any CPU
		{BA3DD497-5943-4E10-B586-12D9447A95A2}.Debug|Any CPU.Build.0 = Debug|Any CPU
		{BA3DD497-5943-4E10-B586-12D9447A95A2}.DebugLocal|Any CPU.ActiveCfg = Debug|Any CPU
		{BA3DD497-5943-4E10-B586-12D9447A95A2}.DebugLocal|Any CPU.Build.0 = Debug|Any CPU
		{BA3DD497-5943-4E10-B586-12D9447A95A2}.Release|Any CPU.ActiveCfg = Release|Any CPU
		{BA3DD497-5943-4E10-B586-12D9447A95A2}.Release|Any CPU.Build.0 = Release|Any CPU
		{C6D29641-E27B-4180-985B-E5FB7181F7F8}.Debug|Any CPU.ActiveCfg = Debug|Any CPU
		{C6D29641-E27B-4180-985B-E5FB7181F7F8}.Debug|Any CPU.Build.0 = Debug|Any CPU
		{C6D29641-E27B-4180-985B-E5FB7181F7F8}.DebugLocal|Any CPU.ActiveCfg = Debug|Any CPU
		{C6D29641-E27B-4180-985B-E5FB7181F7F8}.DebugLocal|Any CPU.Build.0 = Debug|Any CPU
		{C6D29641-E27B-4180-985B-E5FB7181F7F8}.Release|Any CPU.ActiveCfg = Release|Any CPU
		{C6D29641-E27B-4180-985B-E5FB7181F7F8}.Release|Any CPU.Build.0 = Release|Any CPU
		{C39BCB0A-AB88-45EB-9CEE-9EF4157B22C6}.Debug|Any CPU.ActiveCfg = Debug|Any CPU
		{C39BCB0A-AB88-45EB-9CEE-9EF4157B22C6}.Debug|Any CPU.Build.0 = Debug|Any CPU
		{C39BCB0A-AB88-45EB-9CEE-9EF4157B22C6}.DebugLocal|Any CPU.ActiveCfg = Debug|Any CPU
		{C39BCB0A-AB88-45EB-9CEE-9EF4157B22C6}.DebugLocal|Any CPU.Build.0 = Debug|Any CPU
		{C39BCB0A-AB88-45EB-9CEE-9EF4157B22C6}.Release|Any CPU.ActiveCfg = Release|Any CPU
		{C39BCB0A-AB88-45EB-9CEE-9EF4157B22C6}.Release|Any CPU.Build.0 = Release|Any CPU
		{EB602D2F-5FC3-4A4F-AAF3-63BB43D02A5D}.Debug|Any CPU.ActiveCfg = Debug|Any CPU
		{EB602D2F-5FC3-4A4F-AAF3-63BB43D02A5D}.Debug|Any CPU.Build.0 = Debug|Any CPU
		{EB602D2F-5FC3-4A4F-AAF3-63BB43D02A5D}.DebugLocal|Any CPU.ActiveCfg = Debug|Any CPU
		{EB602D2F-5FC3-4A4F-AAF3-63BB43D02A5D}.DebugLocal|Any CPU.Build.0 = Debug|Any CPU
		{EB602D2F-5FC3-4A4F-AAF3-63BB43D02A5D}.Release|Any CPU.ActiveCfg = Release|Any CPU
		{EB602D2F-5FC3-4A4F-AAF3-63BB43D02A5D}.Release|Any CPU.Build.0 = Release|Any CPU
		{F704DBE6-0CD4-40D3-B496-1AA65A6FE83E}.Debug|Any CPU.ActiveCfg = Debug|Any CPU
		{F704DBE6-0CD4-40D3-B496-1AA65A6FE83E}.Debug|Any CPU.Build.0 = Debug|Any CPU
		{F704DBE6-0CD4-40D3-B496-1AA65A6FE83E}.DebugLocal|Any CPU.ActiveCfg = Debug|Any CPU
		{F704DBE6-0CD4-40D3-B496-1AA65A6FE83E}.DebugLocal|Any CPU.Build.0 = Debug|Any CPU
		{F704DBE6-0CD4-40D3-B496-1AA65A6FE83E}.Release|Any CPU.ActiveCfg = Release|Any CPU
		{F704DBE6-0CD4-40D3-B496-1AA65A6FE83E}.Release|Any CPU.Build.0 = Release|Any CPU
		{223579DD-4650-4F51-A3AE-E7F8AF00972C}.Debug|Any CPU.ActiveCfg = Debug|Any CPU
		{223579DD-4650-4F51-A3AE-E7F8AF00972C}.Debug|Any CPU.Build.0 = Debug|Any CPU
		{223579DD-4650-4F51-A3AE-E7F8AF00972C}.DebugLocal|Any CPU.ActiveCfg = Debug|Any CPU
		{223579DD-4650-4F51-A3AE-E7F8AF00972C}.DebugLocal|Any CPU.Build.0 = Debug|Any CPU
		{223579DD-4650-4F51-A3AE-E7F8AF00972C}.Release|Any CPU.ActiveCfg = Release|Any CPU
		{223579DD-4650-4F51-A3AE-E7F8AF00972C}.Release|Any CPU.Build.0 = Release|Any CPU
		{BAF088F8-3FCB-45EF-A228-6424C34C65CA}.Debug|Any CPU.ActiveCfg = Debug|Any CPU
		{BAF088F8-3FCB-45EF-A228-6424C34C65CA}.Debug|Any CPU.Build.0 = Debug|Any CPU
		{BAF088F8-3FCB-45EF-A228-6424C34C65CA}.DebugLocal|Any CPU.ActiveCfg = Debug|Any CPU
		{BAF088F8-3FCB-45EF-A228-6424C34C65CA}.DebugLocal|Any CPU.Build.0 = Debug|Any CPU
		{BAF088F8-3FCB-45EF-A228-6424C34C65CA}.Release|Any CPU.ActiveCfg = Release|Any CPU
		{BAF088F8-3FCB-45EF-A228-6424C34C65CA}.Release|Any CPU.Build.0 = Release|Any CPU
		{914B7E07-3BD2-4EB6-B1C8-E37FF94D662B}.Debug|Any CPU.ActiveCfg = Debug|Any CPU
		{914B7E07-3BD2-4EB6-B1C8-E37FF94D662B}.Debug|Any CPU.Build.0 = Debug|Any CPU
		{914B7E07-3BD2-4EB6-B1C8-E37FF94D662B}.DebugLocal|Any CPU.ActiveCfg = Debug|Any CPU
		{914B7E07-3BD2-4EB6-B1C8-E37FF94D662B}.DebugLocal|Any CPU.Build.0 = Debug|Any CPU
		{914B7E07-3BD2-4EB6-B1C8-E37FF94D662B}.Release|Any CPU.ActiveCfg = Release|Any CPU
		{914B7E07-3BD2-4EB6-B1C8-E37FF94D662B}.Release|Any CPU.Build.0 = Release|Any CPU
		{EFC691DF-0EED-4E91-A2C2-E5DF41F09FD4}.Debug|Any CPU.ActiveCfg = Debug|Any CPU
		{EFC691DF-0EED-4E91-A2C2-E5DF41F09FD4}.Debug|Any CPU.Build.0 = Debug|Any CPU
		{EFC691DF-0EED-4E91-A2C2-E5DF41F09FD4}.DebugLocal|Any CPU.ActiveCfg = Debug|Any CPU
		{EFC691DF-0EED-4E91-A2C2-E5DF41F09FD4}.DebugLocal|Any CPU.Build.0 = Debug|Any CPU
		{EFC691DF-0EED-4E91-A2C2-E5DF41F09FD4}.Release|Any CPU.ActiveCfg = Release|Any CPU
		{EFC691DF-0EED-4E91-A2C2-E5DF41F09FD4}.Release|Any CPU.Build.0 = Release|Any CPU
		{BC3D3AAC-E5A0-4AE0-AC38-1B247F83B692}.Debug|Any CPU.ActiveCfg = Debug|Any CPU
		{BC3D3AAC-E5A0-4AE0-AC38-1B247F83B692}.Debug|Any CPU.Build.0 = Debug|Any CPU
		{BC3D3AAC-E5A0-4AE0-AC38-1B247F83B692}.DebugLocal|Any CPU.ActiveCfg = Debug|Any CPU
		{BC3D3AAC-E5A0-4AE0-AC38-1B247F83B692}.DebugLocal|Any CPU.Build.0 = Debug|Any CPU
		{BC3D3AAC-E5A0-4AE0-AC38-1B247F83B692}.Release|Any CPU.ActiveCfg = Release|Any CPU
		{BC3D3AAC-E5A0-4AE0-AC38-1B247F83B692}.Release|Any CPU.Build.0 = Release|Any CPU
		{44034F86-8D91-4489-A88A-A78886C772D7}.Debug|Any CPU.ActiveCfg = Debug|Any CPU
		{44034F86-8D91-4489-A88A-A78886C772D7}.Debug|Any CPU.Build.0 = Debug|Any CPU
		{44034F86-8D91-4489-A88A-A78886C772D7}.DebugLocal|Any CPU.ActiveCfg = Debug|Any CPU
		{44034F86-8D91-4489-A88A-A78886C772D7}.DebugLocal|Any CPU.Build.0 = Debug|Any CPU
		{44034F86-8D91-4489-A88A-A78886C772D7}.Release|Any CPU.ActiveCfg = Release|Any CPU
		{44034F86-8D91-4489-A88A-A78886C772D7}.Release|Any CPU.Build.0 = Release|Any CPU
		{0CED18F4-5318-4B90-8F09-D1E4B2E75B08}.Debug|Any CPU.ActiveCfg = Debug|Any CPU
		{0CED18F4-5318-4B90-8F09-D1E4B2E75B08}.Debug|Any CPU.Build.0 = Debug|Any CPU
		{0CED18F4-5318-4B90-8F09-D1E4B2E75B08}.DebugLocal|Any CPU.ActiveCfg = Debug|Any CPU
		{0CED18F4-5318-4B90-8F09-D1E4B2E75B08}.DebugLocal|Any CPU.Build.0 = Debug|Any CPU
		{0CED18F4-5318-4B90-8F09-D1E4B2E75B08}.Release|Any CPU.ActiveCfg = Release|Any CPU
		{0CED18F4-5318-4B90-8F09-D1E4B2E75B08}.Release|Any CPU.Build.0 = Release|Any CPU
		{F522345E-1872-42B6-B5C2-9F158B91F3E3}.Debug|Any CPU.ActiveCfg = Debug|Any CPU
		{F522345E-1872-42B6-B5C2-9F158B91F3E3}.Debug|Any CPU.Build.0 = Debug|Any CPU
		{F522345E-1872-42B6-B5C2-9F158B91F3E3}.DebugLocal|Any CPU.ActiveCfg = Debug|Any CPU
		{F522345E-1872-42B6-B5C2-9F158B91F3E3}.DebugLocal|Any CPU.Build.0 = Debug|Any CPU
		{F522345E-1872-42B6-B5C2-9F158B91F3E3}.Release|Any CPU.ActiveCfg = Release|Any CPU
		{F522345E-1872-42B6-B5C2-9F158B91F3E3}.Release|Any CPU.Build.0 = Release|Any CPU
		{22EAB61C-5473-4298-A767-BDC88EA09053}.Debug|Any CPU.ActiveCfg = Debug|Any CPU
		{22EAB61C-5473-4298-A767-BDC88EA09053}.Debug|Any CPU.Build.0 = Debug|Any CPU
		{22EAB61C-5473-4298-A767-BDC88EA09053}.DebugLocal|Any CPU.ActiveCfg = Debug|Any CPU
		{22EAB61C-5473-4298-A767-BDC88EA09053}.DebugLocal|Any CPU.Build.0 = Debug|Any CPU
		{22EAB61C-5473-4298-A767-BDC88EA09053}.Release|Any CPU.ActiveCfg = Release|Any CPU
		{22EAB61C-5473-4298-A767-BDC88EA09053}.Release|Any CPU.Build.0 = Release|Any CPU
		{B3658426-259D-4393-AACA-60C84D7FA073}.Debug|Any CPU.ActiveCfg = Debug|Any CPU
		{B3658426-259D-4393-AACA-60C84D7FA073}.Debug|Any CPU.Build.0 = Debug|Any CPU
		{B3658426-259D-4393-AACA-60C84D7FA073}.DebugLocal|Any CPU.ActiveCfg = Debug|Any CPU
		{B3658426-259D-4393-AACA-60C84D7FA073}.DebugLocal|Any CPU.Build.0 = Debug|Any CPU
		{B3658426-259D-4393-AACA-60C84D7FA073}.Release|Any CPU.ActiveCfg = Release|Any CPU
		{B3658426-259D-4393-AACA-60C84D7FA073}.Release|Any CPU.Build.0 = Release|Any CPU
		{F9CE88C9-D44F-40A5-A30C-BFA90355A819}.Debug|Any CPU.ActiveCfg = Debug|Any CPU
		{F9CE88C9-D44F-40A5-A30C-BFA90355A819}.Debug|Any CPU.Build.0 = Debug|Any CPU
		{F9CE88C9-D44F-40A5-A30C-BFA90355A819}.DebugLocal|Any CPU.ActiveCfg = Debug|Any CPU
		{F9CE88C9-D44F-40A5-A30C-BFA90355A819}.DebugLocal|Any CPU.Build.0 = Debug|Any CPU
		{F9CE88C9-D44F-40A5-A30C-BFA90355A819}.Release|Any CPU.ActiveCfg = Release|Any CPU
		{F9CE88C9-D44F-40A5-A30C-BFA90355A819}.Release|Any CPU.Build.0 = Release|Any CPU
		{6101A2D2-38DB-486A-A491-30E4E02843A3}.Debug|Any CPU.ActiveCfg = Debug|Any CPU
		{6101A2D2-38DB-486A-A491-30E4E02843A3}.Debug|Any CPU.Build.0 = Debug|Any CPU
		{6101A2D2-38DB-486A-A491-30E4E02843A3}.DebugLocal|Any CPU.ActiveCfg = Debug|Any CPU
		{6101A2D2-38DB-486A-A491-30E4E02843A3}.DebugLocal|Any CPU.Build.0 = Debug|Any CPU
		{6101A2D2-38DB-486A-A491-30E4E02843A3}.Release|Any CPU.ActiveCfg = Release|Any CPU
		{6101A2D2-38DB-486A-A491-30E4E02843A3}.Release|Any CPU.Build.0 = Release|Any CPU
		{34477AE1-228F-40DF-B463-3CFC85841A82}.Debug|Any CPU.ActiveCfg = Debug|Any CPU
		{34477AE1-228F-40DF-B463-3CFC85841A82}.Debug|Any CPU.Build.0 = Debug|Any CPU
		{34477AE1-228F-40DF-B463-3CFC85841A82}.DebugLocal|Any CPU.ActiveCfg = Debug|Any CPU
		{34477AE1-228F-40DF-B463-3CFC85841A82}.DebugLocal|Any CPU.Build.0 = Debug|Any CPU
		{34477AE1-228F-40DF-B463-3CFC85841A82}.Release|Any CPU.ActiveCfg = Release|Any CPU
		{34477AE1-228F-40DF-B463-3CFC85841A82}.Release|Any CPU.Build.0 = Release|Any CPU
		{55C34F60-8B4D-428E-9340-2A6C4800E7B5}.Debug|Any CPU.ActiveCfg = Debug|Any CPU
		{55C34F60-8B4D-428E-9340-2A6C4800E7B5}.Debug|Any CPU.Build.0 = Debug|Any CPU
		{55C34F60-8B4D-428E-9340-2A6C4800E7B5}.DebugLocal|Any CPU.ActiveCfg = Debug|Any CPU
		{55C34F60-8B4D-428E-9340-2A6C4800E7B5}.DebugLocal|Any CPU.Build.0 = Debug|Any CPU
		{55C34F60-8B4D-428E-9340-2A6C4800E7B5}.Release|Any CPU.ActiveCfg = Release|Any CPU
		{55C34F60-8B4D-428E-9340-2A6C4800E7B5}.Release|Any CPU.Build.0 = Release|Any CPU
		{DD03A579-1FDB-443A-8DE0-432CD51F0573}.Debug|Any CPU.ActiveCfg = Debug|Any CPU
		{DD03A579-1FDB-443A-8DE0-432CD51F0573}.Debug|Any CPU.Build.0 = Debug|Any CPU
		{DD03A579-1FDB-443A-8DE0-432CD51F0573}.DebugLocal|Any CPU.ActiveCfg = Debug|Any CPU
		{DD03A579-1FDB-443A-8DE0-432CD51F0573}.DebugLocal|Any CPU.Build.0 = Debug|Any CPU
		{DD03A579-1FDB-443A-8DE0-432CD51F0573}.Release|Any CPU.ActiveCfg = Release|Any CPU
		{DD03A579-1FDB-443A-8DE0-432CD51F0573}.Release|Any CPU.Build.0 = Release|Any CPU
		{4E7E2173-B8EA-41DF-9611-00C6D208C603}.Debug|Any CPU.ActiveCfg = Debug|Any CPU
		{4E7E2173-B8EA-41DF-9611-00C6D208C603}.Debug|Any CPU.Build.0 = Debug|Any CPU
		{4E7E2173-B8EA-41DF-9611-00C6D208C603}.DebugLocal|Any CPU.ActiveCfg = Debug|Any CPU
		{4E7E2173-B8EA-41DF-9611-00C6D208C603}.DebugLocal|Any CPU.Build.0 = Debug|Any CPU
		{4E7E2173-B8EA-41DF-9611-00C6D208C603}.Release|Any CPU.ActiveCfg = Release|Any CPU
		{4E7E2173-B8EA-41DF-9611-00C6D208C603}.Release|Any CPU.Build.0 = Release|Any CPU
		{C1DE1080-796D-494A-82D6-5A2AF068AC57}.Debug|Any CPU.ActiveCfg = Debug|Any CPU
		{C1DE1080-796D-494A-82D6-5A2AF068AC57}.Debug|Any CPU.Build.0 = Debug|Any CPU
		{C1DE1080-796D-494A-82D6-5A2AF068AC57}.DebugLocal|Any CPU.ActiveCfg = Debug|Any CPU
		{C1DE1080-796D-494A-82D6-5A2AF068AC57}.DebugLocal|Any CPU.Build.0 = Debug|Any CPU
		{C1DE1080-796D-494A-82D6-5A2AF068AC57}.Release|Any CPU.ActiveCfg = Release|Any CPU
		{C1DE1080-796D-494A-82D6-5A2AF068AC57}.Release|Any CPU.Build.0 = Release|Any CPU
		{DF81DDA1-EADF-4632-94FF-209DA2690D45}.Debug|Any CPU.ActiveCfg = Debug|Any CPU
		{DF81DDA1-EADF-4632-94FF-209DA2690D45}.Debug|Any CPU.Build.0 = Debug|Any CPU
		{DF81DDA1-EADF-4632-94FF-209DA2690D45}.DebugLocal|Any CPU.ActiveCfg = Debug|Any CPU
		{DF81DDA1-EADF-4632-94FF-209DA2690D45}.DebugLocal|Any CPU.Build.0 = Debug|Any CPU
		{DF81DDA1-EADF-4632-94FF-209DA2690D45}.Release|Any CPU.ActiveCfg = Release|Any CPU
		{DF81DDA1-EADF-4632-94FF-209DA2690D45}.Release|Any CPU.Build.0 = Release|Any CPU
		{32E3E4D7-D887-4BE1-A84F-130BF80533D0}.Debug|Any CPU.ActiveCfg = Debug|Any CPU
		{32E3E4D7-D887-4BE1-A84F-130BF80533D0}.Debug|Any CPU.Build.0 = Debug|Any CPU
		{32E3E4D7-D887-4BE1-A84F-130BF80533D0}.DebugLocal|Any CPU.ActiveCfg = Debug|Any CPU
		{32E3E4D7-D887-4BE1-A84F-130BF80533D0}.DebugLocal|Any CPU.Build.0 = Debug|Any CPU
		{32E3E4D7-D887-4BE1-A84F-130BF80533D0}.Release|Any CPU.ActiveCfg = Release|Any CPU
		{32E3E4D7-D887-4BE1-A84F-130BF80533D0}.Release|Any CPU.Build.0 = Release|Any CPU
		{3029C3C2-AECE-4921-BA6E-D85A258B2BD2}.Debug|Any CPU.ActiveCfg = Debug|Any CPU
		{3029C3C2-AECE-4921-BA6E-D85A258B2BD2}.Debug|Any CPU.Build.0 = Debug|Any CPU
		{3029C3C2-AECE-4921-BA6E-D85A258B2BD2}.DebugLocal|Any CPU.ActiveCfg = Debug|Any CPU
		{3029C3C2-AECE-4921-BA6E-D85A258B2BD2}.DebugLocal|Any CPU.Build.0 = Debug|Any CPU
		{3029C3C2-AECE-4921-BA6E-D85A258B2BD2}.Release|Any CPU.ActiveCfg = Release|Any CPU
		{3029C3C2-AECE-4921-BA6E-D85A258B2BD2}.Release|Any CPU.Build.0 = Release|Any CPU
	EndGlobalSection
	GlobalSection(SolutionProperties) = preSolution
		HideSolutionNode = FALSE
	EndGlobalSection
	GlobalSection(NestedProjects) = preSolution
		{BA3DD497-5943-4E10-B586-12D9447A95A2} = {E3E79116-A677-47B9-A5E3-35049785ADC5}
		{EB602D2F-5FC3-4A4F-AAF3-63BB43D02A5D} = {E3E79116-A677-47B9-A5E3-35049785ADC5}
		{F704DBE6-0CD4-40D3-B496-1AA65A6FE83E} = {E3E79116-A677-47B9-A5E3-35049785ADC5}
		{223579DD-4650-4F51-A3AE-E7F8AF00972C} = {E3E79116-A677-47B9-A5E3-35049785ADC5}
		{F9CE88C9-D44F-40A5-A30C-BFA90355A819} = {E3E79116-A677-47B9-A5E3-35049785ADC5}
		{C6D29641-E27B-4180-985B-E5FB7181F7F8} = {3CD498B7-B9C0-4B70-94A1-CFBF0718DDB3}
		{C39BCB0A-AB88-45EB-9CEE-9EF4157B22C6} = {3CD498B7-B9C0-4B70-94A1-CFBF0718DDB3}
		{914B7E07-3BD2-4EB6-B1C8-E37FF94D662B} = {3CD498B7-B9C0-4B70-94A1-CFBF0718DDB3}
		{EFC691DF-0EED-4E91-A2C2-E5DF41F09FD4} = {3CD498B7-B9C0-4B70-94A1-CFBF0718DDB3}
		{BC3D3AAC-E5A0-4AE0-AC38-1B247F83B692} = {3CD498B7-B9C0-4B70-94A1-CFBF0718DDB3}
		{34477AE1-228F-40DF-B463-3CFC85841A82} = {3CD498B7-B9C0-4B70-94A1-CFBF0718DDB3}
		{44034F86-8D91-4489-A88A-A78886C772D7} = {D986C94C-06C0-4E9F-9E20-454673DAE696}
		{0CED18F4-5318-4B90-8F09-D1E4B2E75B08} = {D986C94C-06C0-4E9F-9E20-454673DAE696}
		{F522345E-1872-42B6-B5C2-9F158B91F3E3} = {D986C94C-06C0-4E9F-9E20-454673DAE696}
		{22EAB61C-5473-4298-A767-BDC88EA09053} = {D986C94C-06C0-4E9F-9E20-454673DAE696}
		{B3658426-259D-4393-AACA-60C84D7FA073} = {D986C94C-06C0-4E9F-9E20-454673DAE696}
		{6101A2D2-38DB-486A-A491-30E4E02843A3} = {D986C94C-06C0-4E9F-9E20-454673DAE696}
		{DF81DDA1-EADF-4632-94FF-209DA2690D45} = {D986C94C-06C0-4E9F-9E20-454673DAE696}
		{BE63DDAC-0FE1-4F10-9730-62F4A8733BE2} = {A328FBF2-255B-4F7F-8CE5-C4600943D0AC}
		{1CD783E5-0215-4B06-92F4-7D9B8E630B3A} = {A328FBF2-255B-4F7F-8CE5-C4600943D0AC}
		{4E7E2173-B8EA-41DF-9611-00C6D208C603} = {BE63DDAC-0FE1-4F10-9730-62F4A8733BE2}
		{3029C3C2-AECE-4921-BA6E-D85A258B2BD2} = {BE63DDAC-0FE1-4F10-9730-62F4A8733BE2}
		{DD03A579-1FDB-443A-8DE0-432CD51F0573} = {BE63DDAC-0FE1-4F10-9730-62F4A8733BE2}
		{55C34F60-8B4D-428E-9340-2A6C4800E7B5} = {1CD783E5-0215-4B06-92F4-7D9B8E630B3A}
		{32E3E4D7-D887-4BE1-A84F-130BF80533D0} = {1CD783E5-0215-4B06-92F4-7D9B8E630B3A}
	EndGlobalSection
	GlobalSection(ExtensibilityGlobals) = postSolution
		EnterpriseLibraryConfigurationToolBinariesPath = packages\EnterpriseLibrary.Common.5.0.505.0\lib\NET35;packages\EnterpriseLibrary.WindowsAzure.TransientFaultHandling.5.0.1118.2\lib\NET4;packages\EnterpriseLibrary.WindowsAzure.TransientFaultHandling.5.0.1118.2\DesignTime;packages\TransientFaultHandling.Core.5.0.1118.2\lib\NET35;packages\Unity.2.1.505.0\lib\NET35;packages\Unity.Interception.2.1.505.0\lib\NET35
	EndGlobalSection
EndGlobal
